# This file is automatically @generated by Cargo.
# It is not intended for manual editing.
version = 3

[[package]]
name = "raft-adapters"
version = "0.1.0"

[[package]]
name = "raft-core"
version = "0.1.0"

[[package]]
name = "raft-local"
version = "0.1.0"
dependencies = [
 "raft-adapters",
 "raft-core",
]
